
Microsoft Visual Studio Solution File, Format Version 12.00
# Visual Studio Version 17
VisualStudioVersion = 17.7.34009.444
MinimumVisualStudioVersion = 10.0.40219.1
Project("{9A19103F-16F7-4668-BE54-9A1E7A4F7556}") = "1. Basic Stack Operations", "1. Basic Stack Operations\1. Basic Stack Operations.csproj", "{ABC826A4-DE20-4BDA-A8BC-A9AD9BBD69D6}"
EndProject
Project("{9A19103F-16F7-4668-BE54-9A1E7A4F7556}") = "2. Basic Queue Operations", "2. Basic Queue Operations\2. Basic Queue Operations.csproj", "{28A76CB2-16DA-4B32-BBEF-56106E53086A}"
EndProject
Project("{9A19103F-16F7-4668-BE54-9A1E7A4F7556}") = "3. Maximum and Minimum Element", "3. Maximum and Minimum Element\3. Maximum and Minimum Element.csproj", "{2E4CE07E-4EA6-48E2-B808-9E6AB70616D2}"
EndProject
Project("{9A19103F-16F7-4668-BE54-9A1E7A4F7556}") = "4. Fast Food", "4. Fast Food\4. Fast Food.csproj", "{AB0EB5A0-60E4-413B-B1BD-E79FF554577E}"
EndProject
Project("{9A19103F-16F7-4668-BE54-9A1E7A4F7556}") = "5. Fashion Boutique", "5. Fashion Boutique\5. Fashion Boutique.csproj", "{C0D203A7-4C18-4E51-A6E0-07E175CB978C}"
EndProject
Project("{9A19103F-16F7-4668-BE54-9A1E7A4F7556}") = "6. Songs Queue", "6. Songs Queue\6. Songs Queue.csproj", "{4007036D-AC5F-49C5-871D-CC431F78AD2E}"
EndProject
Project("{9A19103F-16F7-4668-BE54-9A1E7A4F7556}") = "7. Truck Tour", "7. Truck Tour\7. Truck Tour.csproj", "{F7C57F54-11D8-4B88-83B0-CEC7F66E87B9}"
EndProject
Project("{9A19103F-16F7-4668-BE54-9A1E7A4F7556}") = "8. Balanced Parentheses", "8. Balanced Parenthesis\8. Balanced Parentheses.csproj", "{379EF69C-EFD2-43A4-9417-7B967884599F}"
EndProject
Project("{FAE04EC0-301F-11D3-BF4B-00C04F79EFBC}") = "9. Simple Text Editor", "9. Simple Text Editor\9. Simple Text Editor.csproj", "{75922788-1EDD-46A7-BC9B-CB51E6371FCB}"
EndProject
Project("{FAE04EC0-301F-11D3-BF4B-00C04F79EFBC}") = "10. Crossroads", "10. Crossroads\10. Crossroads.csproj", "{C371C998-1C27-439D-B32A-4DBB197F3D38}"
EndProject
Project("{FAE04EC0-301F-11D3-BF4B-00C04F79EFBC}") = "11. Key Revolver", "11. Key Revolver\11. Key Revolver.csproj", "{21CE8E10-E05A-4DC5-B3EF-31DEC6E15C54}"
EndProject
Project("{FAE04EC0-301F-11D3-BF4B-00C04F79EFBC}") = "12. Cups and Bottles", "12. Cups and Bottles\12. Cups and Bottles.csproj", "{D85A4FBB-B16E-4BB3-AC87-FA3C86D7992C}"
EndProject
Global
	GlobalSection(SolutionConfigurationPlatforms) = preSolution
		Debug|Any CPU = Debug|Any CPU
		Release|Any CPU = Release|Any CPU
	EndGlobalSection
	GlobalSection(ProjectConfigurationPlatforms) = postSolution
		{ABC826A4-DE20-4BDA-A8BC-A9AD9BBD69D6}.Debug|Any CPU.ActiveCfg = Debug|Any CPU
		{ABC826A4-DE20-4BDA-A8BC-A9AD9BBD69D6}.Debug|Any CPU.Build.0 = Debug|Any CPU
		{ABC826A4-DE20-4BDA-A8BC-A9AD9BBD69D6}.Release|Any CPU.ActiveCfg = Release|Any CPU
		{ABC826A4-DE20-4BDA-A8BC-A9AD9BBD69D6}.Release|Any CPU.Build.0 = Release|Any CPU
		{28A76CB2-16DA-4B32-BBEF-56106E53086A}.Debug|Any CPU.ActiveCfg = Debug|Any CPU
		{28A76CB2-16DA-4B32-BBEF-56106E53086A}.Debug|Any CPU.Build.0 = Debug|Any CPU
		{28A76CB2-16DA-4B32-BBEF-56106E53086A}.Release|Any CPU.ActiveCfg = Release|Any CPU
		{28A76CB2-16DA-4B32-BBEF-56106E53086A}.Release|Any CPU.Build.0 = Release|Any CPU
		{2E4CE07E-4EA6-48E2-B808-9E6AB70616D2}.Debug|Any CPU.ActiveCfg = Debug|Any CPU
		{2E4CE07E-4EA6-48E2-B808-9E6AB70616D2}.Debug|Any CPU.Build.0 = Debug|Any CPU
		{2E4CE07E-4EA6-48E2-B808-9E6AB70616D2}.Release|Any CPU.ActiveCfg = Release|Any CPU
		{2E4CE07E-4EA6-48E2-B808-9E6AB70616D2}.Release|Any CPU.Build.0 = Release|Any CPU
		{AB0EB5A0-60E4-413B-B1BD-E79FF554577E}.Debug|Any CPU.ActiveCfg = Debug|Any CPU
		{AB0EB5A0-60E4-413B-B1BD-E79FF554577E}.Debug|Any CPU.Build.0 = Debug|Any CPU
		{AB0EB5A0-60E4-413B-B1BD-E79FF554577E}.Release|Any CPU.ActiveCfg = Release|Any CPU
		{AB0EB5A0-60E4-413B-B1BD-E79FF554577E}.Release|Any CPU.Build.0 = Release|Any CPU
		{C0D203A7-4C18-4E51-A6E0-07E175CB978C}.Debug|Any CPU.ActiveCfg = Debug|Any CPU
		{C0D203A7-4C18-4E51-A6E0-07E175CB978C}.Debug|Any CPU.Build.0 = Debug|Any CPU
		{C0D203A7-4C18-4E51-A6E0-07E175CB978C}.Release|Any CPU.ActiveCfg = Release|Any CPU
		{C0D203A7-4C18-4E51-A6E0-07E175CB978C}.Release|Any CPU.Build.0 = Release|Any CPU
		{4007036D-AC5F-49C5-871D-CC431F78AD2E}.Debug|Any CPU.ActiveCfg = Debug|Any CPU
		{4007036D-AC5F-49C5-871D-CC431F78AD2E}.Debug|Any CPU.Build.0 = Debug|Any CPU
		{4007036D-AC5F-49C5-871D-CC431F78AD2E}.Release|Any CPU.ActiveCfg = Release|Any CPU
		{4007036D-AC5F-49C5-871D-CC431F78AD2E}.Release|Any CPU.Build.0 = Release|Any CPU
		{F7C57F54-11D8-4B88-83B0-CEC7F66E87B9}.Debug|Any CPU.ActiveCfg = Debug|Any CPU
		{F7C57F54-11D8-4B88-83B0-CEC7F66E87B9}.Debug|Any CPU.Build.0 = Debug|Any CPU
		{F7C57F54-11D8-4B88-83B0-CEC7F66E87B9}.Release|Any CPU.ActiveCfg = Release|Any CPU
		{F7C57F54-11D8-4B88-83B0-CEC7F66E87B9}.Release|Any CPU.Build.0 = Release|Any CPU
		{379EF69C-EFD2-43A4-9417-7B967884599F}.Debug|Any CPU.ActiveCfg = Debug|Any CPU
		{379EF69C-EFD2-43A4-9417-7B967884599F}.Debug|Any CPU.Build.0 = Debug|Any CPU
		{379EF69C-EFD2-43A4-9417-7B967884599F}.Release|Any CPU.ActiveCfg = Release|Any CPU
		{379EF69C-EFD2-43A4-9417-7B967884599F}.Release|Any CPU.Build.0 = Release|Any CPU
		{75922788-1EDD-46A7-BC9B-CB51E6371FCB}.Debug|Any CPU.ActiveCfg = Debug|Any CPU
		{75922788-1EDD-46A7-BC9B-CB51E6371FCB}.Debug|Any CPU.Build.0 = Debug|Any CPU
		{75922788-1EDD-46A7-BC9B-CB51E6371FCB}.Release|Any CPU.ActiveCfg = Release|Any CPU
		{75922788-1EDD-46A7-BC9B-CB51E6371FCB}.Release|Any CPU.Build.0 = Release|Any CPU
		{C371C998-1C27-439D-B32A-4DBB197F3D38}.Debug|Any CPU.ActiveCfg = Debug|Any CPU
		{C371C998-1C27-439D-B32A-4DBB197F3D38}.Debug|Any CPU.Build.0 = Debug|Any CPU
		{C371C998-1C27-439D-B32A-4DBB197F3D38}.Release|Any CPU.ActiveCfg = Release|Any CPU
		{C371C998-1C27-439D-B32A-4DBB197F3D38}.Release|Any CPU.Build.0 = Release|Any CPU
		{21CE8E10-E05A-4DC5-B3EF-31DEC6E15C54}.Debug|Any CPU.ActiveCfg = Debug|Any CPU
		{21CE8E10-E05A-4DC5-B3EF-31DEC6E15C54}.Debug|Any CPU.Build.0 = Debug|Any CPU
		{21CE8E10-E05A-4DC5-B3EF-31DEC6E15C54}.Release|Any CPU.ActiveCfg = Release|Any CPU
		{21CE8E10-E05A-4DC5-B3EF-31DEC6E15C54}.Release|Any CPU.Build.0 = Release|Any CPU
		{D85A4FBB-B16E-4BB3-AC87-FA3C86D7992C}.Debug|Any CPU.ActiveCfg = Debug|Any CPU
		{D85A4FBB-B16E-4BB3-AC87-FA3C86D7992C}.Debug|Any CPU.Build.0 = Debug|Any CPU
		{D85A4FBB-B16E-4BB3-AC87-FA3C86D7992C}.Release|Any CPU.ActiveCfg = Release|Any CPU
		{D85A4FBB-B16E-4BB3-AC87-FA3C86D7992C}.Release|Any CPU.Build.0 = Release|Any CPU
	EndGlobalSection
	GlobalSection(SolutionProperties) = preSolution
		HideSolutionNode = FALSE
	EndGlobalSection
	GlobalSection(ExtensibilityGlobals) = postSolution
		SolutionGuid = {C440C6EA-C9BE-4697-8564-408E2B490AC2}
	EndGlobalSection
EndGlobal
